{
  "nodes": {
    "alejandra": {
      "inputs": {
        "flakeCompat": "flakeCompat",
        "nixpkgs": [
          "nci",
          "dream2nix",
          "nixpkgs"
        ]
      },
      "locked": {
        "lastModified": 1654010136,
        "narHash": "sha256-HcpTn7XM9838pFYfjgX8qOOx3tiAIOpt0ExN4ALJMIA=",
        "owner": "kamadorueda",
        "repo": "alejandra",
        "rev": "e88f5b6bbcc2f430e4a4b7ed9189c45bd0e8201f",
        "type": "github"
      },
      "original": {
        "owner": "kamadorueda",
        "repo": "alejandra",
        "type": "github"
      }
    },
    "crane": {
      "flake": false,
      "locked": {
        "lastModified": 1654129972,
        "narHash": "sha256-uMbzg3IyJC9VCGQMAWSRxCOzQxHZpEJrus/1X8AYmeY=",
        "owner": "ipetkov",
        "repo": "crane",
        "rev": "d64285699a4fae54c7a0d3bf412fc557d1532621",
        "type": "github"
      },
      "original": {
        "owner": "ipetkov",
        "repo": "crane",
        "type": "github"
      }
    },
    "devshell": {
      "inputs": {
        "flake-utils": "flake-utils",
        "nixpkgs": "nixpkgs"
      },
      "locked": {
        "lastModified": 1653917170,
        "narHash": "sha256-FyxOnEE/V4PNEcMU62ikY4FfYPo349MOhMM97HS0XEo=",
        "owner": "numtide",
        "repo": "devshell",
        "rev": "fc7a3e3adde9bbcab68af6d1e3c6eb738e296a92",
        "type": "github"
      },
      "original": {
        "owner": "numtide",
        "repo": "devshell",
        "type": "github"
      }
    },
    "dream2nix": {
      "inputs": {
        "alejandra": "alejandra",
        "crane": "crane",
        "flake-utils-pre-commit": "flake-utils-pre-commit",
        "gomod2nix": "gomod2nix",
        "mach-nix": "mach-nix",
        "nixpkgs": "nixpkgs_2",
        "node2nix": "node2nix",
        "poetry2nix": "poetry2nix",
        "pre-commit-hooks": "pre-commit-hooks"
      },
      "locked": {
        "lastModified": 1654258320,
        "narHash": "sha256-bxLwcKdvfZCcyvDNA0WISb91Vh2PISuEdWuFkgAJvO4=",
        "owner": "nix-community",
        "repo": "dream2nix",
        "rev": "6bc00a70df725df5eaa22e19ccdf0e05705ea338",
        "type": "github"
      },
      "original": {
        "owner": "nix-community",
        "repo": "dream2nix",
        "type": "github"
      }
    },
    "flake-compat": {
      "flake": false,
      "locked": {
        "lastModified": 1650374568,
        "narHash": "sha256-Z+s0J8/r907g149rllvwhb4pKi8Wam5ij0st8PwAh+E=",
        "owner": "edolstra",
        "repo": "flake-compat",
        "rev": "b4a34015c698c7793d592d66adbab377907a2be8",
        "type": "github"
      },
      "original": {
        "owner": "edolstra",
        "repo": "flake-compat",
        "type": "github"
      }
    },
    "flake-utils": {
      "locked": {
        "lastModified": 1642700792,
        "narHash": "sha256-XqHrk7hFb+zBvRg6Ghl+AZDq03ov6OshJLiSWOoX5es=",
        "owner": "numtide",
        "repo": "flake-utils",
        "rev": "846b2ae0fc4cc943637d3d1def4454213e203cba",
        "type": "github"
      },
      "original": {
        "owner": "numtide",
        "repo": "flake-utils",
        "type": "github"
      }
    },
    "flake-utils-pre-commit": {
      "locked": {
        "lastModified": 1653893745,
        "narHash": "sha256-0jntwV3Z8//YwuOjzhV2sgJJPt+HY6KhU7VZUL0fKZQ=",
        "owner": "numtide",
        "repo": "flake-utils",
        "rev": "1ed9fb1935d260de5fe1c2f7ee0ebaae17ed2fa1",
        "type": "github"
      },
      "original": {
        "owner": "numtide",
        "repo": "flake-utils",
        "type": "github"
      }
    },
    "flakeCompat": {
      "flake": false,
      "locked": {
        "lastModified": 1648199409,
        "narHash": "sha256-JwPKdC2PoVBkG6E+eWw3j6BMR6sL3COpYWfif7RVb8Y=",
        "owner": "edolstra",
        "repo": "flake-compat",
        "rev": "64a525ee38886ab9028e6f61790de0832aa3ef03",
        "type": "github"
      },
      "original": {
        "owner": "edolstra",
        "repo": "flake-compat",
        "type": "github"
      }
    },
    "gomod2nix": {
      "flake": false,
      "locked": {
        "lastModified": 1654019497,
        "narHash": "sha256-yj53tEaOAJoZ1iEBbZ4TArpgAsLZnmivfr4eD0xF52c=",
        "owner": "tweag",
        "repo": "gomod2nix",
        "rev": "71c797eb0d83f33de7e0247b3ffe7120d98c6b49",
        "type": "github"
      },
      "original": {
        "owner": "tweag",
        "repo": "gomod2nix",
        "type": "github"
      }
    },
    "mach-nix": {
      "flake": false,
      "locked": {
        "lastModified": 1654084003,
        "narHash": "sha256-j/XrVVistvM+Ua+0tNFvO5z83isL+LBgmBi9XppxuKA=",
        "owner": "DavHau",
        "repo": "mach-nix",
        "rev": "7e14360bde07dcae32e5e24f366c83272f52923f",
        "type": "github"
      },
      "original": {
        "id": "mach-nix",
        "type": "indirect"
      }
    },
    "nci": {
      "inputs": {
        "devshell": "devshell",
        "dream2nix": "dream2nix",
        "nixpkgs": [
          "nixpkgs"
        ],
        "rustOverlay": "rustOverlay"
      },
      "locked": {
        "lastModified": 1654323079,
        "narHash": "sha256-SceHlpkhV5NPAW5DkC9uyEcDJUg9++yPiS+PC7AsrMw=",
        "owner": "yusdacra",
        "repo": "nix-cargo-integration",
        "rev": "f4eac97add67ff7fedd189a32269a1f472cd406d",
        "type": "github"
      },
      "original": {
        "owner": "yusdacra",
        "repo": "nix-cargo-integration",
        "type": "github"
      }
    },
    "nixpkgs": {
      "locked": {
        "lastModified": 1654245945,
        "narHash": "sha256-PV6MZ+HuNnyLxQGa2rwt0BmCRkQS2xqhc+SeJLQM+WU=",
        "owner": "NixOS",
        "repo": "nixpkgs",
        "rev": "442db9429b9fbdb6352cfb937afc8ecccfe2633f",
        "type": "github"
      },
      "original": {
        "owner": "NixOS",
        "ref": "nixpkgs-unstable",
        "repo": "nixpkgs",
        "type": "github"
      }
    },
    "nixpkgs_2": {
      "locked": {
        "lastModified": 1654230545,
        "narHash": "sha256-8Vlwf0x8ow6pPOK2a04bT+pxIeRnM1+O0Xv9/CuDzRs=",
        "owner": "NixOS",
        "repo": "nixpkgs",
        "rev": "236cc2971ac72acd90f0ae3a797f9f83098b17ec",
        "type": "github"
      },
      "original": {
        "id": "nixpkgs",
        "ref": "nixos-unstable",
        "type": "indirect"
      }
    },
    "nixpkgs_3": {
      "locked": {
        "lastModified": 1655043425,
        "narHash": "sha256-A+oT+aQGhW5lXy8H0cqBLsYtgcnT5glmGOXWQDcGw6I=",
        "owner": "nixos",
        "repo": "nixpkgs",
        "rev": "914ef51ffa88d9b386c71bdc88bffc5273c08ada",
        "type": "github"
      },
      "original": {
        "owner": "nixos",
        "ref": "nixos-unstable",
        "repo": "nixpkgs",
        "type": "github"
      }
    },
    "node2nix": {
      "flake": false,
      "locked": {
        "lastModified": 1653227418,
        "narHash": "sha256-UdGGwdFQ2JzPSjE48QA2Ugqg1icQCjTNDW1HmHi68Zc=",
        "owner": "svanderburg",
        "repo": "node2nix",
        "rev": "9377fe4a45274fab0c7faba4f7c43ffae8421dd2",
        "type": "github"
      },
      "original": {
        "owner": "svanderburg",
        "repo": "node2nix",
        "type": "github"
      }
    },
    "poetry2nix": {
      "flake": false,
      "locked": {
        "lastModified": 1632969109,
        "narHash": "sha256-jPDclkkiAy5m2gGLBlKgH+lQtbF7tL4XxBrbSzw+Ioc=",
        "owner": "nix-community",
        "repo": "poetry2nix",
        "rev": "aee8f04296c39d88155e05d25cfc59dfdd41cc77",
        "type": "github"
      },
      "original": {
        "owner": "nix-community",
        "ref": "1.21.0",
        "repo": "poetry2nix",
        "type": "github"
      }
    },
    "pre-commit-hooks": {
      "inputs": {
        "flake-utils": [
          "nci",
          "dream2nix",
          "flake-utils-pre-commit"
        ],
        "nixpkgs": [
          "nci",
          "dream2nix",
          "nixpkgs"
        ]
      },
      "locked": {
        "lastModified": 1652714503,
        "narHash": "sha256-qQKVEfDe5FqvGgkZtg5Pc491foeiDPIOeycHMqnPDps=",
        "owner": "cachix",
        "repo": "pre-commit-hooks.nix",
        "rev": "521a524771a8e93caddaa0ac1d67d03766a8b0b3",
        "type": "github"
      },
      "original": {
        "owner": "cachix",
        "repo": "pre-commit-hooks.nix",
        "type": "github"
      }
    },
    "root": {
      "inputs": {
        "flake-compat": "flake-compat",
        "nci": "nci",
        "nixpkgs": "nixpkgs_3"
      }
    },
    "rustOverlay": {
      "flake": false,
      "locked": {
        "lastModified": 1654310165,
        "narHash": "sha256-5TWkZMKnrLQVGsWrcDabJX7E502qoi0+vP1RReJp0/Y=",
        "owner": "oxalica",
        "repo": "rust-overlay",
        "rev": "e64770eac18a1983232a5bc55fa443d9f15cc489",
        "type": "github"
      },
      "original": {
        "owner": "oxalica",
        "repo": "rust-overlay",
        "type": "github"
      }
    }
  },
  "root": "root",
  "version": 7
}
